{
  "requires": true,
  "lockfileVersion": 1,
  "dependencies": {
    "shevchenko": {
      "version": "2.0.6",
      "resolved": "https://registry.npmjs.org/shevchenko/-/shevchenko-2.0.6.tgz",
      "integrity": "sha512-O6+Wb60mdPyK4rVen6BeHO+jPYLJmcBQhJYoPudS3yzYvlq6UjI3lKVA9nZKLQtZYBn/EOVlDGzEra9U4S/kAw==",
      "requires": {
        "synaptic": "^1.1.4"
      }
    },
    "synaptic": {
      "version": "1.1.4",
      "resolved": "https://registry.npmjs.org/synaptic/-/synaptic-1.1.4.tgz",
      "integrity": "sha512-JFtU98VDFI0uBTowgySo+UUEkc7rSVHaxx9D6dR5BK6u81G7uAxcp32Gi2SHciLpFbvJVd1Pfz7aqSNQO4EH9Q=="
    }
  }
}
